
Microsoft Visual Studio Solution File, Format Version 12.00
# Visual Studio Version 17
VisualStudioVersion = 17.6.33815.320
MinimumVisualStudioVersion = 10.0.40219.1
Project("{FAE04EC0-301F-11D3-BF4B-00C04F79EFBC}") = "mkvChapterEditor", "mkvChapterEditor.csproj", "{650C0CBE-E6B6-4B7D-B09B-729A791AA3DA}"
EndProject
Global
	GlobalSection(SolutionConfigurationPlatforms) = preSolution
		Debug|Any CPU = Debug|Any CPU
		Release|Any CPU = Release|Any CPU
	EndGlobalSection
	GlobalSection(ProjectConfigurationPlatforms) = postSolution
		{650C0CBE-E6B6-4B7D-B09B-729A791AA3DA}.Debug|Any CPU.ActiveCfg = Debug|Any CPU
		{650C0CBE-E6B6-4B7D-B09B-729A791AA3DA}.Debug|Any CPU.Build.0 = Debug|Any CPU
		{650C0CBE-E6B6-4B7D-B09B-729A791AA3DA}.Release|Any CPU.ActiveCfg = Release|Any CPU
		{650C0CBE-E6B6-4B7D-B09B-729A791AA3DA}.Release|Any CPU.Build.0 = Release|Any CPU
	EndGlobalSection
	GlobalSection(SolutionProperties) = preSolution
		HideSolutionNode = FALSE
	EndGlobalSection
	GlobalSection(ExtensibilityGlobals) = postSolution
		SolutionGuid = {7484F739-2151-435C-908E-87B2BA63421B}
	EndGlobalSection
EndGlobal
